
Microsoft Visual Studio Solution File, Format Version 12.00
# Visual Studio 14
VisualStudioVersion = 14.0.25420.1
MinimumVisualStudioVersion = 10.0.40219.1
Project("{FAE04EC0-301F-11D3-BF4B-00C04F79EFBC}") = "SMTP-SniffAPP", "SMTP-SniffAPP\SMTP-SniffAPP.csproj", "{A60A0378-1106-465C-BF25-448A25ABFCD0}"
EndProject
Project("{FAE04EC0-301F-11D3-BF4B-00C04F79EFBC}") = "SMTP-PortScaner", "SMTP-PortScaner\SMTP-PortScaner.csproj", "{8958DBF9-5533-46F3-87A1-26FF1476EFE5}"
EndProject
Project("{FAE04EC0-301F-11D3-BF4B-00C04F79EFBC}") = "SMTP", "SMTP\SMTP.csproj", "{A511A757-AC11-4C58-A064-40724069F27F}"
EndProject
Project("{FAE04EC0-301F-11D3-BF4B-00C04F79EFBC}") = "Async@Await", "Async@Await\Async@Await.csproj", "{302665DD-FCAF-44E8-8478-01A7467AEF86}"
EndProject
Project("{FAE04EC0-301F-11D3-BF4B-00C04F79EFBC}") = "ConsoleApplication1", "ConsoleApplication1\ConsoleApplication1.csproj", "{952F5213-65BC-4F60-A8A6-66CCACE66F55}"
EndProject
Project("{FAE04EC0-301F-11D3-BF4B-00C04F79EFBC}") = "ThreadApp", "ThreadApp\ThreadApp.csproj", "{E2988474-CF4A-4D29-AC8A-A596F8FFBDEB}"
EndProject
Project("{FAE04EC0-301F-11D3-BF4B-00C04F79EFBC}") = "validateSMTP", "validateSMTP\validateSMTP.csproj", "{9ADC4E7C-CCED-4999-8093-E64AD9E6DB3E}"
EndProject
Project("{FAE04EC0-301F-11D3-BF4B-00C04F79EFBC}") = "userCMD", "userCMD\userCMD.csproj", "{7D4D1E03-E21B-4377-8287-5BD6F99CE80C}"
EndProject
Project("{FAE04EC0-301F-11D3-BF4B-00C04F79EFBC}") = "Thead_anysc", "Thead_anysc\Thead_anysc.csproj", "{23C9D0DC-5EF4-4479-B6F0-B4D9405B666B}"
EndProject
Project("{FAE04EC0-301F-11D3-BF4B-00C04F79EFBC}") = "服务器获取端口扫描", "服务器获取端口扫描\服务器获取端口扫描.csproj", "{954ABA94-1C55-4A98-A162-A08684F007FE}"
EndProject
Global
	GlobalSection(SolutionConfigurationPlatforms) = preSolution
		Debug|Any CPU = Debug|Any CPU
		Release|Any CPU = Release|Any CPU
	EndGlobalSection
	GlobalSection(ProjectConfigurationPlatforms) = postSolution
		{A60A0378-1106-465C-BF25-448A25ABFCD0}.Debug|Any CPU.ActiveCfg = Debug|Any CPU
		{A60A0378-1106-465C-BF25-448A25ABFCD0}.Debug|Any CPU.Build.0 = Debug|Any CPU
		{A60A0378-1106-465C-BF25-448A25ABFCD0}.Release|Any CPU.ActiveCfg = Release|Any CPU
		{A60A0378-1106-465C-BF25-448A25ABFCD0}.Release|Any CPU.Build.0 = Release|Any CPU
		{8958DBF9-5533-46F3-87A1-26FF1476EFE5}.Debug|Any CPU.ActiveCfg = Debug|Any CPU
		{8958DBF9-5533-46F3-87A1-26FF1476EFE5}.Debug|Any CPU.Build.0 = Debug|Any CPU
		{8958DBF9-5533-46F3-87A1-26FF1476EFE5}.Release|Any CPU.ActiveCfg = Release|Any CPU
		{8958DBF9-5533-46F3-87A1-26FF1476EFE5}.Release|Any CPU.Build.0 = Release|Any CPU
		{A511A757-AC11-4C58-A064-40724069F27F}.Debug|Any CPU.ActiveCfg = Debug|Any CPU
		{A511A757-AC11-4C58-A064-40724069F27F}.Debug|Any CPU.Build.0 = Debug|Any CPU
		{A511A757-AC11-4C58-A064-40724069F27F}.Release|Any CPU.ActiveCfg = Release|Any CPU
		{A511A757-AC11-4C58-A064-40724069F27F}.Release|Any CPU.Build.0 = Release|Any CPU
		{302665DD-FCAF-44E8-8478-01A7467AEF86}.Debug|Any CPU.ActiveCfg = Debug|Any CPU
		{302665DD-FCAF-44E8-8478-01A7467AEF86}.Debug|Any CPU.Build.0 = Debug|Any CPU
		{302665DD-FCAF-44E8-8478-01A7467AEF86}.Release|Any CPU.ActiveCfg = Release|Any CPU
		{302665DD-FCAF-44E8-8478-01A7467AEF86}.Release|Any CPU.Build.0 = Release|Any CPU
		{952F5213-65BC-4F60-A8A6-66CCACE66F55}.Debug|Any CPU.ActiveCfg = Debug|Any CPU
		{952F5213-65BC-4F60-A8A6-66CCACE66F55}.Debug|Any CPU.Build.0 = Debug|Any CPU
		{952F5213-65BC-4F60-A8A6-66CCACE66F55}.Release|Any CPU.ActiveCfg = Release|Any CPU
		{952F5213-65BC-4F60-A8A6-66CCACE66F55}.Release|Any CPU.Build.0 = Release|Any CPU
		{E2988474-CF4A-4D29-AC8A-A596F8FFBDEB}.Debug|Any CPU.ActiveCfg = Debug|Any CPU
		{E2988474-CF4A-4D29-AC8A-A596F8FFBDEB}.Debug|Any CPU.Build.0 = Debug|Any CPU
		{E2988474-CF4A-4D29-AC8A-A596F8FFBDEB}.Release|Any CPU.ActiveCfg = Release|Any CPU
		{E2988474-CF4A-4D29-AC8A-A596F8FFBDEB}.Release|Any CPU.Build.0 = Release|Any CPU
		{9ADC4E7C-CCED-4999-8093-E64AD9E6DB3E}.Debug|Any CPU.ActiveCfg = Debug|Any CPU
		{9ADC4E7C-CCED-4999-8093-E64AD9E6DB3E}.Debug|Any CPU.Build.0 = Debug|Any CPU
		{9ADC4E7C-CCED-4999-8093-E64AD9E6DB3E}.Release|Any CPU.ActiveCfg = Release|Any CPU
		{9ADC4E7C-CCED-4999-8093-E64AD9E6DB3E}.Release|Any CPU.Build.0 = Release|Any CPU
		{7D4D1E03-E21B-4377-8287-5BD6F99CE80C}.Debug|Any CPU.ActiveCfg = Debug|Any CPU
		{7D4D1E03-E21B-4377-8287-5BD6F99CE80C}.Debug|Any CPU.Build.0 = Debug|Any CPU
		{7D4D1E03-E21B-4377-8287-5BD6F99CE80C}.Release|Any CPU.ActiveCfg = Release|Any CPU
		{7D4D1E03-E21B-4377-8287-5BD6F99CE80C}.Release|Any CPU.Build.0 = Release|Any CPU
		{23C9D0DC-5EF4-4479-B6F0-B4D9405B666B}.Debug|Any CPU.ActiveCfg = Debug|Any CPU
		{23C9D0DC-5EF4-4479-B6F0-B4D9405B666B}.Debug|Any CPU.Build.0 = Debug|Any CPU
		{23C9D0DC-5EF4-4479-B6F0-B4D9405B666B}.Release|Any CPU.ActiveCfg = Release|Any CPU
		{23C9D0DC-5EF4-4479-B6F0-B4D9405B666B}.Release|Any CPU.Build.0 = Release|Any CPU
		{954ABA94-1C55-4A98-A162-A08684F007FE}.Debug|Any CPU.ActiveCfg = Debug|Any CPU
		{954ABA94-1C55-4A98-A162-A08684F007FE}.Debug|Any CPU.Build.0 = Debug|Any CPU
		{954ABA94-1C55-4A98-A162-A08684F007FE}.Release|Any CPU.ActiveCfg = Release|Any CPU
		{954ABA94-1C55-4A98-A162-A08684F007FE}.Release|Any CPU.Build.0 = Release|Any CPU
	EndGlobalSection
	GlobalSection(SolutionProperties) = preSolution
		HideSolutionNode = FALSE
	EndGlobalSection
EndGlobal
